PODS:
  - Masonry (1.1.0)
  - UtilStore (0.1.0)

DEPENDENCIES:
  - Masonry
  - UtilStore (from `../UtilStore`)

SPEC REPOS:
  https://github.com/CocoaPods/Specs.git:
    - Masonry

EXTERNAL SOURCES:
  UtilStore:
    :path: "../UtilStore"

SPEC CHECKSUMS:
  Masonry: 678fab65091a9290e40e2832a55e7ab731aad201
  UtilStore: 50249d8703e09c50181aace9bc7e4992f080b182

PODFILE CHECKSUM: 3dbd5bb8b4d40853f0fefbc59c620f0c5cb91210

COCOAPODS: 1.5.0
